
Microsoft Visual Studio Solution File, Format Version 12.00
# Visual Studio Version 16
VisualStudioVersion = 16.6.30114.105
MinimumVisualStudioVersion = 10.0.40219.1
Project("{2150E333-8FDC-42A3-9474-1A3956D46DE8}") = "src", "src", "{8014C991-B8B5-4A3E-8F3D-9811ADAF547C}"
EndProject
Project("{F2A71F9B-5D33-465A-A702-920D77279786}") = "SafeRickAndMorty", "src\SafeRickAndMorty\SafeRickAndMorty.fsproj", "{8DF3D563-1320-4DB7-B6B9-806DD6B28DAD}"
EndProject
Project("{F2A71F9B-5D33-465A-A702-920D77279786}") = "App", "src\App\App.fsproj", "{50929808-1129-48D3-B370-67C497F48F3F}"
EndProject
Global
	GlobalSection(SolutionConfigurationPlatforms) = preSolution
		Debug|Any CPU = Debug|Any CPU
		Debug|x64 = Debug|x64
		Debug|x86 = Debug|x86
		Release|Any CPU = Release|Any CPU
		Release|x64 = Release|x64
		Release|x86 = Release|x86
	EndGlobalSection
	GlobalSection(SolutionProperties) = preSolution
		HideSolutionNode = FALSE
	EndGlobalSection
	GlobalSection(ProjectConfigurationPlatforms) = postSolution
		{8DF3D563-1320-4DB7-B6B9-806DD6B28DAD}.Debug|Any CPU.ActiveCfg = Debug|Any CPU
		{8DF3D563-1320-4DB7-B6B9-806DD6B28DAD}.Debug|Any CPU.Build.0 = Debug|Any CPU
		{8DF3D563-1320-4DB7-B6B9-806DD6B28DAD}.Debug|x64.ActiveCfg = Debug|Any CPU
		{8DF3D563-1320-4DB7-B6B9-806DD6B28DAD}.Debug|x64.Build.0 = Debug|Any CPU
		{8DF3D563-1320-4DB7-B6B9-806DD6B28DAD}.Debug|x86.ActiveCfg = Debug|Any CPU
		{8DF3D563-1320-4DB7-B6B9-806DD6B28DAD}.Debug|x86.Build.0 = Debug|Any CPU
		{8DF3D563-1320-4DB7-B6B9-806DD6B28DAD}.Release|Any CPU.ActiveCfg = Release|Any CPU
		{8DF3D563-1320-4DB7-B6B9-806DD6B28DAD}.Release|Any CPU.Build.0 = Release|Any CPU
		{8DF3D563-1320-4DB7-B6B9-806DD6B28DAD}.Release|x64.ActiveCfg = Release|Any CPU
		{8DF3D563-1320-4DB7-B6B9-806DD6B28DAD}.Release|x64.Build.0 = Release|Any CPU
		{8DF3D563-1320-4DB7-B6B9-806DD6B28DAD}.Release|x86.ActiveCfg = Release|Any CPU
		{8DF3D563-1320-4DB7-B6B9-806DD6B28DAD}.Release|x86.Build.0 = Release|Any CPU
		{50929808-1129-48D3-B370-67C497F48F3F}.Debug|Any CPU.ActiveCfg = Debug|Any CPU
		{50929808-1129-48D3-B370-67C497F48F3F}.Debug|Any CPU.Build.0 = Debug|Any CPU
		{50929808-1129-48D3-B370-67C497F48F3F}.Debug|x64.ActiveCfg = Debug|Any CPU
		{50929808-1129-48D3-B370-67C497F48F3F}.Debug|x64.Build.0 = Debug|Any CPU
		{50929808-1129-48D3-B370-67C497F48F3F}.Debug|x86.ActiveCfg = Debug|Any CPU
		{50929808-1129-48D3-B370-67C497F48F3F}.Debug|x86.Build.0 = Debug|Any CPU
		{50929808-1129-48D3-B370-67C497F48F3F}.Release|Any CPU.ActiveCfg = Release|Any CPU
		{50929808-1129-48D3-B370-67C497F48F3F}.Release|Any CPU.Build.0 = Release|Any CPU
		{50929808-1129-48D3-B370-67C497F48F3F}.Release|x64.ActiveCfg = Release|Any CPU
		{50929808-1129-48D3-B370-67C497F48F3F}.Release|x64.Build.0 = Release|Any CPU
		{50929808-1129-48D3-B370-67C497F48F3F}.Release|x86.ActiveCfg = Release|Any CPU
		{50929808-1129-48D3-B370-67C497F48F3F}.Release|x86.Build.0 = Release|Any CPU
	EndGlobalSection
	GlobalSection(NestedProjects) = preSolution
		{8DF3D563-1320-4DB7-B6B9-806DD6B28DAD} = {8014C991-B8B5-4A3E-8F3D-9811ADAF547C}
		{50929808-1129-48D3-B370-67C497F48F3F} = {8014C991-B8B5-4A3E-8F3D-9811ADAF547C}
	EndGlobalSection
EndGlobal
